{
  "name": "make-data",
  "version": "1.0.0",
  "lockfileVersion": 3,
  "requires": true,
  "packages": {
    "": {
      "name": "make-data",
      "version": "1.0.0",
      "license": "ISC",
      "dependencies": {
        "faker": "^6.6.6",
        "fs": "^0.0.1-security"
      },
      "devDependencies": {
        "@faker-js/faker": "^9.0.1"
      }
    },
    "node_modules/@faker-js/faker": {
      "version": "9.0.1",
      "resolved": "https://registry.npmjs.org/@faker-js/faker/-/faker-9.0.1.tgz",
      "integrity": "sha512-4mDeYIgM3By7X6t5E6eYwLAa+2h4DeZDF7thhzIg6XB76jeEvMwadYAMCFJL/R4AnEBcAUO9+gL0vhy3s+qvZA==",
      "dev": true,
      "funding": [
        {
          "type": "opencollective",
          "url": "https://opencollective.com/fakerjs"
        }
      ],
      "engines": {
        "node": ">=18.0.0",
        "npm": ">=9.0.0"
      }
    },
    "node_modules/faker": {
      "version": "6.6.6",
      "resolved": "https://registry.npmjs.org/faker/-/faker-6.6.6.tgz",
      "integrity": "sha512-9tCqYEDHI5RYFQigXFwF1hnCwcWCOJl/hmll0lr5D2Ljjb0o4wphb69wikeJDz5qCEzXCoPvG6ss5SDP6IfOdg=="
    },
    "node_modules/fs": {
      "version": "0.0.1-security",
      "resolved": "https://registry.npmjs.org/fs/-/fs-0.0.1-security.tgz",
      "integrity": "sha512-3XY9e1pP0CVEUCdj5BmfIZxRBTSDycnbqhIOGec9QYtmVH2fbLpj86CFWkrNOkt/Fvty4KZG5lTglL9j/gJ87w=="
    }
  }
}
